
Microsoft Visual Studio Solution File, Format Version 12.00
# Visual Studio Version 16
VisualStudioVersion = 16.0.31321.278
MinimumVisualStudioVersion = 10.0.40219.1
Project("{2150E333-8FDC-42A3-9474-1A3956D46DE8}") = "Services", "Services", "{2E25EB63-DC6C-40BD-9DDF-14BD760F7524}"
EndProject
Project("{2150E333-8FDC-42A3-9474-1A3956D46DE8}") = "CentralSystem", "CentralSystem", "{C600BDB4-C90D-41D1-A228-082A6600962C}"
EndProject
Project("{2150E333-8FDC-42A3-9474-1A3956D46DE8}") = "WestTrafficLight", "WestTrafficLight", "{E9F04418-37DC-41C8-80E8-CDB09B2A6E98}"
EndProject
Project("{2150E333-8FDC-42A3-9474-1A3956D46DE8}") = "EastTrafficLight", "EastTrafficLight", "{87B4FF03-B4C2-4F0E-909D-3AA15DBA4D6A}"
EndProject
Project("{2150E333-8FDC-42A3-9474-1A3956D46DE8}") = "NorthTrafficLight", "NorthTrafficLight", "{5EB9C418-143F-40EF-A171-35181964757F}"
EndProject
Project("{2150E333-8FDC-42A3-9474-1A3956D46DE8}") = "SouthTrafficLight", "SouthTrafficLight", "{6B8D393C-35F5-4C88-B914-958B5965BC24}"
EndProject
Project("{FAE04EC0-301F-11D3-BF4B-00C04F79EFBC}") = "TrafficLightCentralSystem", "services\CentralSystem\TrafficLightCentralSystem\TrafficLightCentralSystem.csproj", "{0387F8C6-4B8C-41E4-80E8-717057FDABAB}"
EndProject
Project("{FAE04EC0-301F-11D3-BF4B-00C04F79EFBC}") = "EastTrafficLight", "services\EastTrafficLight\EastTrafficLight\EastTrafficLight.csproj", "{444CCB5B-B218-4E8E-AF2D-5F71F9C2FA91}"
EndProject
Project("{FAE04EC0-301F-11D3-BF4B-00C04F79EFBC}") = "NorthTrafficLight", "services\NorthTrafficLight\NorthTrafficLight\NorthTrafficLight.csproj", "{37F65F5E-C46F-4565-BE26-F7ECE7B5485F}"
EndProject
Project("{FAE04EC0-301F-11D3-BF4B-00C04F79EFBC}") = "SouthTrafficLight", "services\SouthTrafficLight\SouthTrafficLight\SouthTrafficLight.csproj", "{C1A61353-B826-42EB-B04E-951FF8B9C399}"
EndProject
Project("{FAE04EC0-301F-11D3-BF4B-00C04F79EFBC}") = "WestTrafficLight", "services\WestTrafficLight\WestTrafficLight\WestTrafficLight.csproj", "{21699FD6-6AF6-4221-ADB0-5C2DDD5DB4BE}"
EndProject
Project("{E53339B2-1760-4266-BCC7-CA923CBCF16C}") = "docker-compose", "docker-compose.dcproj", "{2EEE3678-EFC0-4838-8036-CACD37F3BDEF}"
EndProject
Project("{2150E333-8FDC-42A3-9474-1A3956D46DE8}") = "BuildingBlocks", "BuildingBlocks", "{7AEAE123-9C38-4EE0-A1EB-18B967B8C061}"
EndProject
Project("{FAE04EC0-301F-11D3-BF4B-00C04F79EFBC}") = "EventBus.Messages", "BuildingBlocks\EventBus.Messages\EventBus.Messages.csproj", "{2DFACB3B-3C1C-42BB-8003-1F21A64A662D}"
EndProject
Global
	GlobalSection(SolutionConfigurationPlatforms) = preSolution
		Debug|Any CPU = Debug|Any CPU
		Release|Any CPU = Release|Any CPU
	EndGlobalSection
	GlobalSection(ProjectConfigurationPlatforms) = postSolution
		{0387F8C6-4B8C-41E4-80E8-717057FDABAB}.Debug|Any CPU.ActiveCfg = Debug|Any CPU
		{0387F8C6-4B8C-41E4-80E8-717057FDABAB}.Debug|Any CPU.Build.0 = Debug|Any CPU
		{0387F8C6-4B8C-41E4-80E8-717057FDABAB}.Release|Any CPU.ActiveCfg = Release|Any CPU
		{0387F8C6-4B8C-41E4-80E8-717057FDABAB}.Release|Any CPU.Build.0 = Release|Any CPU
		{444CCB5B-B218-4E8E-AF2D-5F71F9C2FA91}.Debug|Any CPU.ActiveCfg = Debug|Any CPU
		{444CCB5B-B218-4E8E-AF2D-5F71F9C2FA91}.Debug|Any CPU.Build.0 = Debug|Any CPU
		{444CCB5B-B218-4E8E-AF2D-5F71F9C2FA91}.Release|Any CPU.ActiveCfg = Release|Any CPU
		{444CCB5B-B218-4E8E-AF2D-5F71F9C2FA91}.Release|Any CPU.Build.0 = Release|Any CPU
		{37F65F5E-C46F-4565-BE26-F7ECE7B5485F}.Debug|Any CPU.ActiveCfg = Debug|Any CPU
		{37F65F5E-C46F-4565-BE26-F7ECE7B5485F}.Debug|Any CPU.Build.0 = Debug|Any CPU
		{37F65F5E-C46F-4565-BE26-F7ECE7B5485F}.Release|Any CPU.ActiveCfg = Release|Any CPU
		{37F65F5E-C46F-4565-BE26-F7ECE7B5485F}.Release|Any CPU.Build.0 = Release|Any CPU
		{C1A61353-B826-42EB-B04E-951FF8B9C399}.Debug|Any CPU.ActiveCfg = Debug|Any CPU
		{C1A61353-B826-42EB-B04E-951FF8B9C399}.Debug|Any CPU.Build.0 = Debug|Any CPU
		{C1A61353-B826-42EB-B04E-951FF8B9C399}.Release|Any CPU.ActiveCfg = Release|Any CPU
		{C1A61353-B826-42EB-B04E-951FF8B9C399}.Release|Any CPU.Build.0 = Release|Any CPU
		{21699FD6-6AF6-4221-ADB0-5C2DDD5DB4BE}.Debug|Any CPU.ActiveCfg = Debug|Any CPU
		{21699FD6-6AF6-4221-ADB0-5C2DDD5DB4BE}.Debug|Any CPU.Build.0 = Debug|Any CPU
		{21699FD6-6AF6-4221-ADB0-5C2DDD5DB4BE}.Release|Any CPU.ActiveCfg = Release|Any CPU
		{21699FD6-6AF6-4221-ADB0-5C2DDD5DB4BE}.Release|Any CPU.Build.0 = Release|Any CPU
		{2EEE3678-EFC0-4838-8036-CACD37F3BDEF}.Debug|Any CPU.ActiveCfg = Debug|Any CPU
		{2EEE3678-EFC0-4838-8036-CACD37F3BDEF}.Debug|Any CPU.Build.0 = Debug|Any CPU
		{2EEE3678-EFC0-4838-8036-CACD37F3BDEF}.Release|Any CPU.ActiveCfg = Release|Any CPU
		{2EEE3678-EFC0-4838-8036-CACD37F3BDEF}.Release|Any CPU.Build.0 = Release|Any CPU
		{2DFACB3B-3C1C-42BB-8003-1F21A64A662D}.Debug|Any CPU.ActiveCfg = Debug|Any CPU
		{2DFACB3B-3C1C-42BB-8003-1F21A64A662D}.Debug|Any CPU.Build.0 = Debug|Any CPU
		{2DFACB3B-3C1C-42BB-8003-1F21A64A662D}.Release|Any CPU.ActiveCfg = Release|Any CPU
		{2DFACB3B-3C1C-42BB-8003-1F21A64A662D}.Release|Any CPU.Build.0 = Release|Any CPU
	EndGlobalSection
	GlobalSection(SolutionProperties) = preSolution
		HideSolutionNode = FALSE
	EndGlobalSection
	GlobalSection(NestedProjects) = preSolution
		{C600BDB4-C90D-41D1-A228-082A6600962C} = {2E25EB63-DC6C-40BD-9DDF-14BD760F7524}
		{E9F04418-37DC-41C8-80E8-CDB09B2A6E98} = {2E25EB63-DC6C-40BD-9DDF-14BD760F7524}
		{87B4FF03-B4C2-4F0E-909D-3AA15DBA4D6A} = {2E25EB63-DC6C-40BD-9DDF-14BD760F7524}
		{5EB9C418-143F-40EF-A171-35181964757F} = {2E25EB63-DC6C-40BD-9DDF-14BD760F7524}
		{6B8D393C-35F5-4C88-B914-958B5965BC24} = {2E25EB63-DC6C-40BD-9DDF-14BD760F7524}
		{0387F8C6-4B8C-41E4-80E8-717057FDABAB} = {C600BDB4-C90D-41D1-A228-082A6600962C}
		{444CCB5B-B218-4E8E-AF2D-5F71F9C2FA91} = {87B4FF03-B4C2-4F0E-909D-3AA15DBA4D6A}
		{37F65F5E-C46F-4565-BE26-F7ECE7B5485F} = {5EB9C418-143F-40EF-A171-35181964757F}
		{C1A61353-B826-42EB-B04E-951FF8B9C399} = {6B8D393C-35F5-4C88-B914-958B5965BC24}
		{21699FD6-6AF6-4221-ADB0-5C2DDD5DB4BE} = {E9F04418-37DC-41C8-80E8-CDB09B2A6E98}
		{2DFACB3B-3C1C-42BB-8003-1F21A64A662D} = {7AEAE123-9C38-4EE0-A1EB-18B967B8C061}
	EndGlobalSection
	GlobalSection(ExtensibilityGlobals) = postSolution
		SolutionGuid = {DA39F4BD-D8B7-49BD-9B54-ADD3C933B14A}
	EndGlobalSection
EndGlobal
